
Microsoft Visual Studio Solution File, Format Version 12.00
# Visual Studio Version 17
VisualStudioVersion = 17.8.34309.116
MinimumVisualStudioVersion = 10.0.40219.1
Project("{FAE04EC0-301F-11D3-BF4B-00C04F79EFBC}") = "App1.Android", "App1.Android\App1.Android.csproj", "{CD8F11EB-1481-4490-ADFF-D7BB5E5E18E5}"
EndProject
Project("{FAE04EC0-301F-11D3-BF4B-00C04F79EFBC}") = "App1.iOS", "App1.iOS\App1.iOS.csproj", "{DE04E253-C41F-471B-8945-29A464941FB5}"
EndProject
Project("{FAE04EC0-301F-11D3-BF4B-00C04F79EFBC}") = "App1", "App1\App1.csproj", "{571D80CE-1424-4F6E-89BD-C8B58307EC12}"
EndProject
Global
	GlobalSection(SolutionConfigurationPlatforms) = preSolution
		Debug|Any CPU = Debug|Any CPU
		Debug|iPhone = Debug|iPhone
		Debug|iPhoneSimulator = Debug|iPhoneSimulator
		Release|Any CPU = Release|Any CPU
		Release|iPhone = Release|iPhone
		Release|iPhoneSimulator = Release|iPhoneSimulator
	EndGlobalSection
	GlobalSection(ProjectConfigurationPlatforms) = postSolution
		{CD8F11EB-1481-4490-ADFF-D7BB5E5E18E5}.Debug|Any CPU.ActiveCfg = Debug|Any CPU
		{CD8F11EB-1481-4490-ADFF-D7BB5E5E18E5}.Debug|Any CPU.Build.0 = Debug|Any CPU
		{CD8F11EB-1481-4490-ADFF-D7BB5E5E18E5}.Debug|Any CPU.Deploy.0 = Debug|Any CPU
		{CD8F11EB-1481-4490-ADFF-D7BB5E5E18E5}.Debug|iPhone.ActiveCfg = Debug|Any CPU
		{CD8F11EB-1481-4490-ADFF-D7BB5E5E18E5}.Debug|iPhone.Build.0 = Debug|Any CPU
		{CD8F11EB-1481-4490-ADFF-D7BB5E5E18E5}.Debug|iPhone.Deploy.0 = Debug|Any CPU
		{CD8F11EB-1481-4490-ADFF-D7BB5E5E18E5}.Debug|iPhoneSimulator.ActiveCfg = Debug|Any CPU
		{CD8F11EB-1481-4490-ADFF-D7BB5E5E18E5}.Debug|iPhoneSimulator.Build.0 = Debug|Any CPU
		{CD8F11EB-1481-4490-ADFF-D7BB5E5E18E5}.Debug|iPhoneSimulator.Deploy.0 = Debug|Any CPU
		{CD8F11EB-1481-4490-ADFF-D7BB5E5E18E5}.Release|Any CPU.ActiveCfg = Release|Any CPU
		{CD8F11EB-1481-4490-ADFF-D7BB5E5E18E5}.Release|Any CPU.Build.0 = Release|Any CPU
		{CD8F11EB-1481-4490-ADFF-D7BB5E5E18E5}.Release|Any CPU.Deploy.0 = Release|Any CPU
		{CD8F11EB-1481-4490-ADFF-D7BB5E5E18E5}.Release|iPhone.ActiveCfg = Release|Any CPU
		{CD8F11EB-1481-4490-ADFF-D7BB5E5E18E5}.Release|iPhone.Build.0 = Release|Any CPU
		{CD8F11EB-1481-4490-ADFF-D7BB5E5E18E5}.Release|iPhone.Deploy.0 = Release|Any CPU
		{CD8F11EB-1481-4490-ADFF-D7BB5E5E18E5}.Release|iPhoneSimulator.ActiveCfg = Release|Any CPU
		{CD8F11EB-1481-4490-ADFF-D7BB5E5E18E5}.Release|iPhoneSimulator.Build.0 = Release|Any CPU
		{CD8F11EB-1481-4490-ADFF-D7BB5E5E18E5}.Release|iPhoneSimulator.Deploy.0 = Release|Any CPU
		{DE04E253-C41F-471B-8945-29A464941FB5}.Debug|Any CPU.ActiveCfg = Debug|iPhone
		{DE04E253-C41F-471B-8945-29A464941FB5}.Debug|Any CPU.Build.0 = Debug|iPhone
		{DE04E253-C41F-471B-8945-29A464941FB5}.Debug|Any CPU.Deploy.0 = Debug|iPhone
		{DE04E253-C41F-471B-8945-29A464941FB5}.Debug|iPhone.ActiveCfg = Debug|iPhone
		{DE04E253-C41F-471B-8945-29A464941FB5}.Debug|iPhone.Build.0 = Debug|iPhone
		{DE04E253-C41F-471B-8945-29A464941FB5}.Debug|iPhone.Deploy.0 = Debug|iPhone
		{DE04E253-C41F-471B-8945-29A464941FB5}.Debug|iPhoneSimulator.ActiveCfg = Debug|iPhoneSimulator
		{DE04E253-C41F-471B-8945-29A464941FB5}.Debug|iPhoneSimulator.Build.0 = Debug|iPhoneSimulator
		{DE04E253-C41F-471B-8945-29A464941FB5}.Debug|iPhoneSimulator.Deploy.0 = Debug|iPhoneSimulator
		{DE04E253-C41F-471B-8945-29A464941FB5}.Release|Any CPU.ActiveCfg = Release|iPhoneSimulator
		{DE04E253-C41F-471B-8945-29A464941FB5}.Release|Any CPU.Build.0 = Release|iPhoneSimulator
		{DE04E253-C41F-471B-8945-29A464941FB5}.Release|Any CPU.Deploy.0 = Release|iPhoneSimulator
		{DE04E253-C41F-471B-8945-29A464941FB5}.Release|iPhone.ActiveCfg = Release|iPhone
		{DE04E253-C41F-471B-8945-29A464941FB5}.Release|iPhone.Build.0 = Release|iPhone
		{DE04E253-C41F-471B-8945-29A464941FB5}.Release|iPhone.Deploy.0 = Release|iPhone
		{DE04E253-C41F-471B-8945-29A464941FB5}.Release|iPhoneSimulator.ActiveCfg = Release|iPhoneSimulator
		{DE04E253-C41F-471B-8945-29A464941FB5}.Release|iPhoneSimulator.Build.0 = Release|iPhoneSimulator
		{DE04E253-C41F-471B-8945-29A464941FB5}.Release|iPhoneSimulator.Deploy.0 = Release|iPhoneSimulator
		{571D80CE-1424-4F6E-89BD-C8B58307EC12}.Debug|Any CPU.ActiveCfg = Debug|Any CPU
		{571D80CE-1424-4F6E-89BD-C8B58307EC12}.Debug|Any CPU.Build.0 = Debug|Any CPU
		{571D80CE-1424-4F6E-89BD-C8B58307EC12}.Debug|Any CPU.Deploy.0 = Debug|Any CPU
		{571D80CE-1424-4F6E-89BD-C8B58307EC12}.Debug|iPhone.ActiveCfg = Debug|Any CPU
		{571D80CE-1424-4F6E-89BD-C8B58307EC12}.Debug|iPhone.Build.0 = Debug|Any CPU
		{571D80CE-1424-4F6E-89BD-C8B58307EC12}.Debug|iPhone.Deploy.0 = Debug|Any CPU
		{571D80CE-1424-4F6E-89BD-C8B58307EC12}.Debug|iPhoneSimulator.ActiveCfg = Debug|Any CPU
		{571D80CE-1424-4F6E-89BD-C8B58307EC12}.Debug|iPhoneSimulator.Build.0 = Debug|Any CPU
		{571D80CE-1424-4F6E-89BD-C8B58307EC12}.Debug|iPhoneSimulator.Deploy.0 = Debug|Any CPU
		{571D80CE-1424-4F6E-89BD-C8B58307EC12}.Release|Any CPU.ActiveCfg = Release|Any CPU
		{571D80CE-1424-4F6E-89BD-C8B58307EC12}.Release|Any CPU.Build.0 = Release|Any CPU
		{571D80CE-1424-4F6E-89BD-C8B58307EC12}.Release|Any CPU.Deploy.0 = Release|Any CPU
		{571D80CE-1424-4F6E-89BD-C8B58307EC12}.Release|iPhone.ActiveCfg = Release|Any CPU
		{571D80CE-1424-4F6E-89BD-C8B58307EC12}.Release|iPhone.Build.0 = Release|Any CPU
		{571D80CE-1424-4F6E-89BD-C8B58307EC12}.Release|iPhone.Deploy.0 = Release|Any CPU
		{571D80CE-1424-4F6E-89BD-C8B58307EC12}.Release|iPhoneSimulator.ActiveCfg = Release|Any CPU
		{571D80CE-1424-4F6E-89BD-C8B58307EC12}.Release|iPhoneSimulator.Build.0 = Release|Any CPU
		{571D80CE-1424-4F6E-89BD-C8B58307EC12}.Release|iPhoneSimulator.Deploy.0 = Release|Any CPU
	EndGlobalSection
	GlobalSection(SolutionProperties) = preSolution
		HideSolutionNode = FALSE
	EndGlobalSection
	GlobalSection(ExtensibilityGlobals) = postSolution
		SolutionGuid = {EAB5FAC8-2D32-441A-96DC-2CA893E2B7F2}
	EndGlobalSection
EndGlobal
